{
  "requires": true,
  "lockfileVersion": 1,
  "dependencies": {
    "keepup-modules": {
      "version": "1.3.0",
      "resolved": "https://registry.npmjs.org/keepup-modules/-/keepup-modules-1.3.0.tgz",
      "integrity": "sha512-sQQ1rnSg+D8Lg40h/glJ3AaDURJ+9UIZsTHB516ZulNv1ByANaEvzjBnGNxdLRBhvVjRjpvuH8AFHS6skv9TOA=="
    }
  }
}
